
Microsoft Visual Studio Solution File, Format Version 12.00
# Visual Studio Version 16
VisualStudioVersion = 16.0.30128.74
MinimumVisualStudioVersion = 10.0.40219.1
Project("{FAE04EC0-301F-11D3-BF4B-00C04F79EFBC}") = "RealEstateAgency", "RealEstateAgency\RealEstateAgency.csproj", "{8302FF8C-D1D6-4935-BD33-AE4C20281860}"
EndProject
Global
	GlobalSection(SolutionConfigurationPlatforms) = preSolution
		Debug|Any CPU = Debug|Any CPU
		Release|Any CPU = Release|Any CPU
	EndGlobalSection
	GlobalSection(ProjectConfigurationPlatforms) = postSolution
		{8302FF8C-D1D6-4935-BD33-AE4C20281860}.Debug|Any CPU.ActiveCfg = Debug|Any CPU
		{8302FF8C-D1D6-4935-BD33-AE4C20281860}.Debug|Any CPU.Build.0 = Debug|Any CPU
		{8302FF8C-D1D6-4935-BD33-AE4C20281860}.Release|Any CPU.ActiveCfg = Release|Any CPU
		{8302FF8C-D1D6-4935-BD33-AE4C20281860}.Release|Any CPU.Build.0 = Release|Any CPU
	EndGlobalSection
	GlobalSection(SolutionProperties) = preSolution
		HideSolutionNode = FALSE
	EndGlobalSection
	GlobalSection(ExtensibilityGlobals) = postSolution
		SolutionGuid = {1FF93D03-9E2C-4719-9144-0D7838D66CA8}
	EndGlobalSection
EndGlobal
